
Microsoft Visual Studio Solution File, Format Version 12.00
# Visual Studio Version 16
VisualStudioVersion = 16.6.30114.105
MinimumVisualStudioVersion = 10.0.40219.1
Project("{2150E333-8FDC-42A3-9474-1A3956D46DE8}") = "Dto", "Dto", "{4CE05917-3BC3-4E97-A9DD-98F565B8440C}"
EndProject
Project("{FAE04EC0-301F-11D3-BF4B-00C04F79EFBC}") = "Module.Dto", "Dto\Module.Dto\Module.Dto.csproj", "{E45BA263-0C0E-4671-B89A-EA1F6B4A40BE}"
EndProject
Project("{2150E333-8FDC-42A3-9474-1A3956D46DE8}") = "Domain", "Domain", "{6C480F0E-6902-471A-A1F4-5DB779F2C595}"
EndProject
Project("{FAE04EC0-301F-11D3-BF4B-00C04F79EFBC}") = "Module.IoC", "Domain\Module.IoC\Module.IoC.csproj", "{CFFD01C3-88B2-4099-8C64-7AA14CD79678}"
EndProject
Project("{FAE04EC0-301F-11D3-BF4B-00C04F79EFBC}") = "Module.IoC.Register", "Domain\Module.IoC.Register\Module.IoC.Register.csproj", "{50B82CC0-F9B8-4AE9-B906-1FC26731836C}"
EndProject
Project("{FAE04EC0-301F-11D3-BF4B-00C04F79EFBC}") = "Module.IoC.Register.Interfaces", "Domain\Module.IoC.Register.Interfaces\Module.IoC.Register.Interfaces.csproj", "{6E77C2F9-FA08-46CB-9332-E086B6BA534C}"
EndProject
Project("{2150E333-8FDC-42A3-9474-1A3956D46DE8}") = "Factory", "Factory", "{CD80E654-E664-47FE-A8E3-1BD05F2CAF32}"
EndProject
Project("{FAE04EC0-301F-11D3-BF4B-00C04F79EFBC}") = "Module.Factory", "Factory\Module.Factory\Module.Factory.csproj", "{427D179C-6E37-453A-A058-418DD91D8A4F}"
EndProject
Project("{FAE04EC0-301F-11D3-BF4B-00C04F79EFBC}") = "Module.Factory.Interface", "Factory\Module.Factory.Interface\Module.Factory.Interface.csproj", "{98A75ABA-AC44-4E12-A8D7-2541AFE39CF2}"
EndProject
Project("{2150E333-8FDC-42A3-9474-1A3956D46DE8}") = "Repository", "Repository", "{7D924C00-E4F1-4F27-B2E9-1DBC293D3778}"
EndProject
Project("{FAE04EC0-301F-11D3-BF4B-00C04F79EFBC}") = "Module.Repository", "Repository\Module.Repository\Module.Repository.csproj", "{2F7DE20F-2486-4AAC-92CE-E4E9441415B8}"
EndProject
Project("{FAE04EC0-301F-11D3-BF4B-00C04F79EFBC}") = "Module.Repository.Entity", "Repository\Module.Repository.Entity\Module.Repository.Entity.csproj", "{B3398328-F618-48C5-B436-D831F7739404}"
EndProject
Project("{FAE04EC0-301F-11D3-BF4B-00C04F79EFBC}") = "Module.Repository.Interface", "Repository\Module.Repository.Interface\Module.Repository.Interface.csproj", "{A8059BFC-B05C-44C8-877D-14ACA1C22567}"
EndProject
Project("{2150E333-8FDC-42A3-9474-1A3956D46DE8}") = "Command", "Command", "{3745BD2C-F644-4CA4-894E-817225457231}"
EndProject
Project("{FAE04EC0-301F-11D3-BF4B-00C04F79EFBC}") = "Module.Repository.Command", "Repository\Command\Module.Repository.Command\Module.Repository.Command.csproj", "{0E7B11B4-113B-44F0-9745-E495CBF20A56}"
EndProject
Project("{FAE04EC0-301F-11D3-BF4B-00C04F79EFBC}") = "Module.Repository.Command.Interface", "Repository\Command\Module.Repository.Command.Interface\Module.Repository.Command.Interface.csproj", "{6E952E53-C9C6-41D2-9D4A-A9B3C892ABCB}"
EndProject
Project("{2150E333-8FDC-42A3-9474-1A3956D46DE8}") = "Query", "Query", "{C16006E9-AFB6-4E0A-94D0-A5B09F36336E}"
EndProject
Project("{FAE04EC0-301F-11D3-BF4B-00C04F79EFBC}") = "Module.Repository.Query", "Repository\Query\Module.Repository.Query\Module.Repository.Query.csproj", "{CEF34E65-5182-466B-8617-138F1E22D1ED}"
EndProject
Project("{FAE04EC0-301F-11D3-BF4B-00C04F79EFBC}") = "Module.Repository.Query.Interface", "Repository\Query\Module.Repository.Query.Interface\Module.Repository.Query.Interface.csproj", "{17ACF2F4-D57A-4395-82FC-1684906F2808}"
EndProject
Project("{2150E333-8FDC-42A3-9474-1A3956D46DE8}") = "ServiceValidation", "ServiceValidation", "{B3BBBB74-8EC3-4A12-AE0D-FBE184EF989D}"
EndProject
Project("{FAE04EC0-301F-11D3-BF4B-00C04F79EFBC}") = "Module.Service.Validation", "ServiceValidation\Module.Service.Validation\Module.Service.Validation.csproj", "{39477299-B4C1-45D8-92C5-18EC7FFC4847}"
EndProject
Project("{FAE04EC0-301F-11D3-BF4B-00C04F79EFBC}") = "Module.Service.Validation.Interface", "ServiceValidation\Module.Service.Validation.Interface\Module.Service.Validation.Interface.csproj", "{669ADB0B-FB30-45A7-9F44-C2CD3764C57D}"
EndProject
Project("{2150E333-8FDC-42A3-9474-1A3956D46DE8}") = "Service", "Service", "{6A725742-FE67-4FDD-927C-641396762672}"
EndProject
Project("{FAE04EC0-301F-11D3-BF4B-00C04F79EFBC}") = "Module.Service", "Service\Module.Service\Module.Service.csproj", "{97D26FD1-9E95-468B-B2B0-E88C67F6D175}"
EndProject
Project("{FAE04EC0-301F-11D3-BF4B-00C04F79EFBC}") = "Module.Service.Interface", "Service\Module.Service.Interface\Module.Service.Interface.csproj", "{27190182-52DC-4E51-AD46-DDDE076472F0}"
EndProject
Project("{2150E333-8FDC-42A3-9474-1A3956D46DE8}") = "UI", "UI", "{C82A6A7E-927B-4711-A4C7-14853EF819A3}"
EndProject
Project("{FAE04EC0-301F-11D3-BF4B-00C04F79EFBC}") = "WebApi", "UI\WebApi\WebApi.csproj", "{313D39BA-63EF-465B-9A6A-91620D78CA9E}"
EndProject
Project("{2150E333-8FDC-42A3-9474-1A3956D46DE8}") = "Test", "Test", "{1E2C2BEF-0E76-4C26-874A-B76CA210699E}"
EndProject
Project("{FAE04EC0-301F-11D3-BF4B-00C04F79EFBC}") = "UnitTest", "UI\Test\UnitTest\UnitTest.csproj", "{93B47EDB-C5C5-4CC0-8DEA-F0CAFB0EB6A0}"
EndProject
Project("{2150E333-8FDC-42A3-9474-1A3956D46DE8}") = "Integration", "Integration", "{5F335EF1-FA92-412E-A7CA-B38AB490411F}"
EndProject
Project("{FAE04EC0-301F-11D3-BF4B-00C04F79EFBC}") = "Module.Integration", "Integration\Module.Integration\Module.Integration.csproj", "{3FD3D496-19F0-4005-8A37-6F9000B75782}"
EndProject
Project("{FAE04EC0-301F-11D3-BF4B-00C04F79EFBC}") = "Module.Integration.Interface", "Integration\Module.Integration.Interface\Module.Integration.Interface.csproj", "{51EA1324-F27E-4964-8C9D-7DDF8F88983B}"
EndProject
Project("{2150E333-8FDC-42A3-9474-1A3956D46DE8}") = "Utils", "Utils", "{901808A3-399C-41E2-9852-E4435624FF28}"
EndProject
Project("{FAE04EC0-301F-11D3-BF4B-00C04F79EFBC}") = "Module.Utils", "Utils\Module.Utils\Module.Utils.csproj", "{58EBCCDC-62E9-4AAB-AAB2-39FBFB5C7198}"
EndProject
Global
	GlobalSection(SolutionConfigurationPlatforms) = preSolution
		Debug|Any CPU = Debug|Any CPU
		Debug|x64 = Debug|x64
		Debug|x86 = Debug|x86
		Release|Any CPU = Release|Any CPU
		Release|x64 = Release|x64
		Release|x86 = Release|x86
	EndGlobalSection
	GlobalSection(SolutionProperties) = preSolution
		HideSolutionNode = FALSE
	EndGlobalSection
	GlobalSection(ProjectConfigurationPlatforms) = postSolution
		{E45BA263-0C0E-4671-B89A-EA1F6B4A40BE}.Debug|Any CPU.ActiveCfg = Debug|Any CPU
		{E45BA263-0C0E-4671-B89A-EA1F6B4A40BE}.Debug|Any CPU.Build.0 = Debug|Any CPU
		{E45BA263-0C0E-4671-B89A-EA1F6B4A40BE}.Debug|x64.ActiveCfg = Debug|Any CPU
		{E45BA263-0C0E-4671-B89A-EA1F6B4A40BE}.Debug|x64.Build.0 = Debug|Any CPU
		{E45BA263-0C0E-4671-B89A-EA1F6B4A40BE}.Debug|x86.ActiveCfg = Debug|Any CPU
		{E45BA263-0C0E-4671-B89A-EA1F6B4A40BE}.Debug|x86.Build.0 = Debug|Any CPU
		{E45BA263-0C0E-4671-B89A-EA1F6B4A40BE}.Release|Any CPU.ActiveCfg = Release|Any CPU
		{E45BA263-0C0E-4671-B89A-EA1F6B4A40BE}.Release|Any CPU.Build.0 = Release|Any CPU
		{E45BA263-0C0E-4671-B89A-EA1F6B4A40BE}.Release|x64.ActiveCfg = Release|Any CPU
		{E45BA263-0C0E-4671-B89A-EA1F6B4A40BE}.Release|x64.Build.0 = Release|Any CPU
		{E45BA263-0C0E-4671-B89A-EA1F6B4A40BE}.Release|x86.ActiveCfg = Release|Any CPU
		{E45BA263-0C0E-4671-B89A-EA1F6B4A40BE}.Release|x86.Build.0 = Release|Any CPU
		{CFFD01C3-88B2-4099-8C64-7AA14CD79678}.Debug|Any CPU.ActiveCfg = Debug|Any CPU
		{CFFD01C3-88B2-4099-8C64-7AA14CD79678}.Debug|Any CPU.Build.0 = Debug|Any CPU
		{CFFD01C3-88B2-4099-8C64-7AA14CD79678}.Debug|x64.ActiveCfg = Debug|Any CPU
		{CFFD01C3-88B2-4099-8C64-7AA14CD79678}.Debug|x64.Build.0 = Debug|Any CPU
		{CFFD01C3-88B2-4099-8C64-7AA14CD79678}.Debug|x86.ActiveCfg = Debug|Any CPU
		{CFFD01C3-88B2-4099-8C64-7AA14CD79678}.Debug|x86.Build.0 = Debug|Any CPU
		{CFFD01C3-88B2-4099-8C64-7AA14CD79678}.Release|Any CPU.ActiveCfg = Release|Any CPU
		{CFFD01C3-88B2-4099-8C64-7AA14CD79678}.Release|Any CPU.Build.0 = Release|Any CPU
		{CFFD01C3-88B2-4099-8C64-7AA14CD79678}.Release|x64.ActiveCfg = Release|Any CPU
		{CFFD01C3-88B2-4099-8C64-7AA14CD79678}.Release|x64.Build.0 = Release|Any CPU
		{CFFD01C3-88B2-4099-8C64-7AA14CD79678}.Release|x86.ActiveCfg = Release|Any CPU
		{CFFD01C3-88B2-4099-8C64-7AA14CD79678}.Release|x86.Build.0 = Release|Any CPU
		{50B82CC0-F9B8-4AE9-B906-1FC26731836C}.Debug|Any CPU.ActiveCfg = Debug|Any CPU
		{50B82CC0-F9B8-4AE9-B906-1FC26731836C}.Debug|Any CPU.Build.0 = Debug|Any CPU
		{50B82CC0-F9B8-4AE9-B906-1FC26731836C}.Debug|x64.ActiveCfg = Debug|Any CPU
		{50B82CC0-F9B8-4AE9-B906-1FC26731836C}.Debug|x64.Build.0 = Debug|Any CPU
		{50B82CC0-F9B8-4AE9-B906-1FC26731836C}.Debug|x86.ActiveCfg = Debug|Any CPU
		{50B82CC0-F9B8-4AE9-B906-1FC26731836C}.Debug|x86.Build.0 = Debug|Any CPU
		{50B82CC0-F9B8-4AE9-B906-1FC26731836C}.Release|Any CPU.ActiveCfg = Release|Any CPU
		{50B82CC0-F9B8-4AE9-B906-1FC26731836C}.Release|Any CPU.Build.0 = Release|Any CPU
		{50B82CC0-F9B8-4AE9-B906-1FC26731836C}.Release|x64.ActiveCfg = Release|Any CPU
		{50B82CC0-F9B8-4AE9-B906-1FC26731836C}.Release|x64.Build.0 = Release|Any CPU
		{50B82CC0-F9B8-4AE9-B906-1FC26731836C}.Release|x86.ActiveCfg = Release|Any CPU
		{50B82CC0-F9B8-4AE9-B906-1FC26731836C}.Release|x86.Build.0 = Release|Any CPU
		{6E77C2F9-FA08-46CB-9332-E086B6BA534C}.Debug|Any CPU.ActiveCfg = Debug|Any CPU
		{6E77C2F9-FA08-46CB-9332-E086B6BA534C}.Debug|Any CPU.Build.0 = Debug|Any CPU
		{6E77C2F9-FA08-46CB-9332-E086B6BA534C}.Debug|x64.ActiveCfg = Debug|Any CPU
		{6E77C2F9-FA08-46CB-9332-E086B6BA534C}.Debug|x64.Build.0 = Debug|Any CPU
		{6E77C2F9-FA08-46CB-9332-E086B6BA534C}.Debug|x86.ActiveCfg = Debug|Any CPU
		{6E77C2F9-FA08-46CB-9332-E086B6BA534C}.Debug|x86.Build.0 = Debug|Any CPU
		{6E77C2F9-FA08-46CB-9332-E086B6BA534C}.Release|Any CPU.ActiveCfg = Release|Any CPU
		{6E77C2F9-FA08-46CB-9332-E086B6BA534C}.Release|Any CPU.Build.0 = Release|Any CPU
		{6E77C2F9-FA08-46CB-9332-E086B6BA534C}.Release|x64.ActiveCfg = Release|Any CPU
		{6E77C2F9-FA08-46CB-9332-E086B6BA534C}.Release|x64.Build.0 = Release|Any CPU
		{6E77C2F9-FA08-46CB-9332-E086B6BA534C}.Release|x86.ActiveCfg = Release|Any CPU
		{6E77C2F9-FA08-46CB-9332-E086B6BA534C}.Release|x86.Build.0 = Release|Any CPU
		{427D179C-6E37-453A-A058-418DD91D8A4F}.Debug|Any CPU.ActiveCfg = Debug|Any CPU
		{427D179C-6E37-453A-A058-418DD91D8A4F}.Debug|Any CPU.Build.0 = Debug|Any CPU
		{427D179C-6E37-453A-A058-418DD91D8A4F}.Debug|x64.ActiveCfg = Debug|Any CPU
		{427D179C-6E37-453A-A058-418DD91D8A4F}.Debug|x64.Build.0 = Debug|Any CPU
		{427D179C-6E37-453A-A058-418DD91D8A4F}.Debug|x86.ActiveCfg = Debug|Any CPU
		{427D179C-6E37-453A-A058-418DD91D8A4F}.Debug|x86.Build.0 = Debug|Any CPU
		{427D179C-6E37-453A-A058-418DD91D8A4F}.Release|Any CPU.ActiveCfg = Release|Any CPU
		{427D179C-6E37-453A-A058-418DD91D8A4F}.Release|Any CPU.Build.0 = Release|Any CPU
		{427D179C-6E37-453A-A058-418DD91D8A4F}.Release|x64.ActiveCfg = Release|Any CPU
		{427D179C-6E37-453A-A058-418DD91D8A4F}.Release|x64.Build.0 = Release|Any CPU
		{427D179C-6E37-453A-A058-418DD91D8A4F}.Release|x86.ActiveCfg = Release|Any CPU
		{427D179C-6E37-453A-A058-418DD91D8A4F}.Release|x86.Build.0 = Release|Any CPU
		{98A75ABA-AC44-4E12-A8D7-2541AFE39CF2}.Debug|Any CPU.ActiveCfg = Debug|Any CPU
		{98A75ABA-AC44-4E12-A8D7-2541AFE39CF2}.Debug|Any CPU.Build.0 = Debug|Any CPU
		{98A75ABA-AC44-4E12-A8D7-2541AFE39CF2}.Debug|x64.ActiveCfg = Debug|Any CPU
		{98A75ABA-AC44-4E12-A8D7-2541AFE39CF2}.Debug|x64.Build.0 = Debug|Any CPU
		{98A75ABA-AC44-4E12-A8D7-2541AFE39CF2}.Debug|x86.ActiveCfg = Debug|Any CPU
		{98A75ABA-AC44-4E12-A8D7-2541AFE39CF2}.Debug|x86.Build.0 = Debug|Any CPU
		{98A75ABA-AC44-4E12-A8D7-2541AFE39CF2}.Release|Any CPU.ActiveCfg = Release|Any CPU
		{98A75ABA-AC44-4E12-A8D7-2541AFE39CF2}.Release|Any CPU.Build.0 = Release|Any CPU
		{98A75ABA-AC44-4E12-A8D7-2541AFE39CF2}.Release|x64.ActiveCfg = Release|Any CPU
		{98A75ABA-AC44-4E12-A8D7-2541AFE39CF2}.Release|x64.Build.0 = Release|Any CPU
		{98A75ABA-AC44-4E12-A8D7-2541AFE39CF2}.Release|x86.ActiveCfg = Release|Any CPU
		{98A75ABA-AC44-4E12-A8D7-2541AFE39CF2}.Release|x86.Build.0 = Release|Any CPU
		{2F7DE20F-2486-4AAC-92CE-E4E9441415B8}.Debug|Any CPU.ActiveCfg = Debug|Any CPU
		{2F7DE20F-2486-4AAC-92CE-E4E9441415B8}.Debug|Any CPU.Build.0 = Debug|Any CPU
		{2F7DE20F-2486-4AAC-92CE-E4E9441415B8}.Debug|x64.ActiveCfg = Debug|Any CPU
		{2F7DE20F-2486-4AAC-92CE-E4E9441415B8}.Debug|x64.Build.0 = Debug|Any CPU
		{2F7DE20F-2486-4AAC-92CE-E4E9441415B8}.Debug|x86.ActiveCfg = Debug|Any CPU
		{2F7DE20F-2486-4AAC-92CE-E4E9441415B8}.Debug|x86.Build.0 = Debug|Any CPU
		{2F7DE20F-2486-4AAC-92CE-E4E9441415B8}.Release|Any CPU.ActiveCfg = Release|Any CPU
		{2F7DE20F-2486-4AAC-92CE-E4E9441415B8}.Release|Any CPU.Build.0 = Release|Any CPU
		{2F7DE20F-2486-4AAC-92CE-E4E9441415B8}.Release|x64.ActiveCfg = Release|Any CPU
		{2F7DE20F-2486-4AAC-92CE-E4E9441415B8}.Release|x64.Build.0 = Release|Any CPU
		{2F7DE20F-2486-4AAC-92CE-E4E9441415B8}.Release|x86.ActiveCfg = Release|Any CPU
		{2F7DE20F-2486-4AAC-92CE-E4E9441415B8}.Release|x86.Build.0 = Release|Any CPU
		{B3398328-F618-48C5-B436-D831F7739404}.Debug|Any CPU.ActiveCfg = Debug|Any CPU
		{B3398328-F618-48C5-B436-D831F7739404}.Debug|Any CPU.Build.0 = Debug|Any CPU
		{B3398328-F618-48C5-B436-D831F7739404}.Debug|x64.ActiveCfg = Debug|Any CPU
		{B3398328-F618-48C5-B436-D831F7739404}.Debug|x64.Build.0 = Debug|Any CPU
		{B3398328-F618-48C5-B436-D831F7739404}.Debug|x86.ActiveCfg = Debug|Any CPU
		{B3398328-F618-48C5-B436-D831F7739404}.Debug|x86.Build.0 = Debug|Any CPU
		{B3398328-F618-48C5-B436-D831F7739404}.Release|Any CPU.ActiveCfg = Release|Any CPU
		{B3398328-F618-48C5-B436-D831F7739404}.Release|Any CPU.Build.0 = Release|Any CPU
		{B3398328-F618-48C5-B436-D831F7739404}.Release|x64.ActiveCfg = Release|Any CPU
		{B3398328-F618-48C5-B436-D831F7739404}.Release|x64.Build.0 = Release|Any CPU
		{B3398328-F618-48C5-B436-D831F7739404}.Release|x86.ActiveCfg = Release|Any CPU
		{B3398328-F618-48C5-B436-D831F7739404}.Release|x86.Build.0 = Release|Any CPU
		{A8059BFC-B05C-44C8-877D-14ACA1C22567}.Debug|Any CPU.ActiveCfg = Debug|Any CPU
		{A8059BFC-B05C-44C8-877D-14ACA1C22567}.Debug|Any CPU.Build.0 = Debug|Any CPU
		{A8059BFC-B05C-44C8-877D-14ACA1C22567}.Debug|x64.ActiveCfg = Debug|Any CPU
		{A8059BFC-B05C-44C8-877D-14ACA1C22567}.Debug|x64.Build.0 = Debug|Any CPU
		{A8059BFC-B05C-44C8-877D-14ACA1C22567}.Debug|x86.ActiveCfg = Debug|Any CPU
		{A8059BFC-B05C-44C8-877D-14ACA1C22567}.Debug|x86.Build.0 = Debug|Any CPU
		{A8059BFC-B05C-44C8-877D-14ACA1C22567}.Release|Any CPU.ActiveCfg = Release|Any CPU
		{A8059BFC-B05C-44C8-877D-14ACA1C22567}.Release|Any CPU.Build.0 = Release|Any CPU
		{A8059BFC-B05C-44C8-877D-14ACA1C22567}.Release|x64.ActiveCfg = Release|Any CPU
		{A8059BFC-B05C-44C8-877D-14ACA1C22567}.Release|x64.Build.0 = Release|Any CPU
		{A8059BFC-B05C-44C8-877D-14ACA1C22567}.Release|x86.ActiveCfg = Release|Any CPU
		{A8059BFC-B05C-44C8-877D-14ACA1C22567}.Release|x86.Build.0 = Release|Any CPU
		{0E7B11B4-113B-44F0-9745-E495CBF20A56}.Debug|Any CPU.ActiveCfg = Debug|Any CPU
		{0E7B11B4-113B-44F0-9745-E495CBF20A56}.Debug|Any CPU.Build.0 = Debug|Any CPU
		{0E7B11B4-113B-44F0-9745-E495CBF20A56}.Debug|x64.ActiveCfg = Debug|Any CPU
		{0E7B11B4-113B-44F0-9745-E495CBF20A56}.Debug|x64.Build.0 = Debug|Any CPU
		{0E7B11B4-113B-44F0-9745-E495CBF20A56}.Debug|x86.ActiveCfg = Debug|Any CPU
		{0E7B11B4-113B-44F0-9745-E495CBF20A56}.Debug|x86.Build.0 = Debug|Any CPU
		{0E7B11B4-113B-44F0-9745-E495CBF20A56}.Release|Any CPU.ActiveCfg = Release|Any CPU
		{0E7B11B4-113B-44F0-9745-E495CBF20A56}.Release|Any CPU.Build.0 = Release|Any CPU
		{0E7B11B4-113B-44F0-9745-E495CBF20A56}.Release|x64.ActiveCfg = Release|Any CPU
		{0E7B11B4-113B-44F0-9745-E495CBF20A56}.Release|x64.Build.0 = Release|Any CPU
		{0E7B11B4-113B-44F0-9745-E495CBF20A56}.Release|x86.ActiveCfg = Release|Any CPU
		{0E7B11B4-113B-44F0-9745-E495CBF20A56}.Release|x86.Build.0 = Release|Any CPU
		{6E952E53-C9C6-41D2-9D4A-A9B3C892ABCB}.Debug|Any CPU.ActiveCfg = Debug|Any CPU
		{6E952E53-C9C6-41D2-9D4A-A9B3C892ABCB}.Debug|Any CPU.Build.0 = Debug|Any CPU
		{6E952E53-C9C6-41D2-9D4A-A9B3C892ABCB}.Debug|x64.ActiveCfg = Debug|Any CPU
		{6E952E53-C9C6-41D2-9D4A-A9B3C892ABCB}.Debug|x64.Build.0 = Debug|Any CPU
		{6E952E53-C9C6-41D2-9D4A-A9B3C892ABCB}.Debug|x86.ActiveCfg = Debug|Any CPU
		{6E952E53-C9C6-41D2-9D4A-A9B3C892ABCB}.Debug|x86.Build.0 = Debug|Any CPU
		{6E952E53-C9C6-41D2-9D4A-A9B3C892ABCB}.Release|Any CPU.ActiveCfg = Release|Any CPU
		{6E952E53-C9C6-41D2-9D4A-A9B3C892ABCB}.Release|Any CPU.Build.0 = Release|Any CPU
		{6E952E53-C9C6-41D2-9D4A-A9B3C892ABCB}.Release|x64.ActiveCfg = Release|Any CPU
		{6E952E53-C9C6-41D2-9D4A-A9B3C892ABCB}.Release|x64.Build.0 = Release|Any CPU
		{6E952E53-C9C6-41D2-9D4A-A9B3C892ABCB}.Release|x86.ActiveCfg = Release|Any CPU
		{6E952E53-C9C6-41D2-9D4A-A9B3C892ABCB}.Release|x86.Build.0 = Release|Any CPU
		{CEF34E65-5182-466B-8617-138F1E22D1ED}.Debug|Any CPU.ActiveCfg = Debug|Any CPU
		{CEF34E65-5182-466B-8617-138F1E22D1ED}.Debug|Any CPU.Build.0 = Debug|Any CPU
		{CEF34E65-5182-466B-8617-138F1E22D1ED}.Debug|x64.ActiveCfg = Debug|Any CPU
		{CEF34E65-5182-466B-8617-138F1E22D1ED}.Debug|x64.Build.0 = Debug|Any CPU
		{CEF34E65-5182-466B-8617-138F1E22D1ED}.Debug|x86.ActiveCfg = Debug|Any CPU
		{CEF34E65-5182-466B-8617-138F1E22D1ED}.Debug|x86.Build.0 = Debug|Any CPU
		{CEF34E65-5182-466B-8617-138F1E22D1ED}.Release|Any CPU.ActiveCfg = Release|Any CPU
		{CEF34E65-5182-466B-8617-138F1E22D1ED}.Release|Any CPU.Build.0 = Release|Any CPU
		{CEF34E65-5182-466B-8617-138F1E22D1ED}.Release|x64.ActiveCfg = Release|Any CPU
		{CEF34E65-5182-466B-8617-138F1E22D1ED}.Release|x64.Build.0 = Release|Any CPU
		{CEF34E65-5182-466B-8617-138F1E22D1ED}.Release|x86.ActiveCfg = Release|Any CPU
		{CEF34E65-5182-466B-8617-138F1E22D1ED}.Release|x86.Build.0 = Release|Any CPU
		{17ACF2F4-D57A-4395-82FC-1684906F2808}.Debug|Any CPU.ActiveCfg = Debug|Any CPU
		{17ACF2F4-D57A-4395-82FC-1684906F2808}.Debug|Any CPU.Build.0 = Debug|Any CPU
		{17ACF2F4-D57A-4395-82FC-1684906F2808}.Debug|x64.ActiveCfg = Debug|Any CPU
		{17ACF2F4-D57A-4395-82FC-1684906F2808}.Debug|x64.Build.0 = Debug|Any CPU
		{17ACF2F4-D57A-4395-82FC-1684906F2808}.Debug|x86.ActiveCfg = Debug|Any CPU
		{17ACF2F4-D57A-4395-82FC-1684906F2808}.Debug|x86.Build.0 = Debug|Any CPU
		{17ACF2F4-D57A-4395-82FC-1684906F2808}.Release|Any CPU.ActiveCfg = Release|Any CPU
		{17ACF2F4-D57A-4395-82FC-1684906F2808}.Release|Any CPU.Build.0 = Release|Any CPU
		{17ACF2F4-D57A-4395-82FC-1684906F2808}.Release|x64.ActiveCfg = Release|Any CPU
		{17ACF2F4-D57A-4395-82FC-1684906F2808}.Release|x64.Build.0 = Release|Any CPU
		{17ACF2F4-D57A-4395-82FC-1684906F2808}.Release|x86.ActiveCfg = Release|Any CPU
		{17ACF2F4-D57A-4395-82FC-1684906F2808}.Release|x86.Build.0 = Release|Any CPU
		{39477299-B4C1-45D8-92C5-18EC7FFC4847}.Debug|Any CPU.ActiveCfg = Debug|Any CPU
		{39477299-B4C1-45D8-92C5-18EC7FFC4847}.Debug|Any CPU.Build.0 = Debug|Any CPU
		{39477299-B4C1-45D8-92C5-18EC7FFC4847}.Debug|x64.ActiveCfg = Debug|Any CPU
		{39477299-B4C1-45D8-92C5-18EC7FFC4847}.Debug|x64.Build.0 = Debug|Any CPU
		{39477299-B4C1-45D8-92C5-18EC7FFC4847}.Debug|x86.ActiveCfg = Debug|Any CPU
		{39477299-B4C1-45D8-92C5-18EC7FFC4847}.Debug|x86.Build.0 = Debug|Any CPU
		{39477299-B4C1-45D8-92C5-18EC7FFC4847}.Release|Any CPU.ActiveCfg = Release|Any CPU
		{39477299-B4C1-45D8-92C5-18EC7FFC4847}.Release|Any CPU.Build.0 = Release|Any CPU
		{39477299-B4C1-45D8-92C5-18EC7FFC4847}.Release|x64.ActiveCfg = Release|Any CPU
		{39477299-B4C1-45D8-92C5-18EC7FFC4847}.Release|x64.Build.0 = Release|Any CPU
		{39477299-B4C1-45D8-92C5-18EC7FFC4847}.Release|x86.ActiveCfg = Release|Any CPU
		{39477299-B4C1-45D8-92C5-18EC7FFC4847}.Release|x86.Build.0 = Release|Any CPU
		{669ADB0B-FB30-45A7-9F44-C2CD3764C57D}.Debug|Any CPU.ActiveCfg = Debug|Any CPU
		{669ADB0B-FB30-45A7-9F44-C2CD3764C57D}.Debug|Any CPU.Build.0 = Debug|Any CPU
		{669ADB0B-FB30-45A7-9F44-C2CD3764C57D}.Debug|x64.ActiveCfg = Debug|Any CPU
		{669ADB0B-FB30-45A7-9F44-C2CD3764C57D}.Debug|x64.Build.0 = Debug|Any CPU
		{669ADB0B-FB30-45A7-9F44-C2CD3764C57D}.Debug|x86.ActiveCfg = Debug|Any CPU
		{669ADB0B-FB30-45A7-9F44-C2CD3764C57D}.Debug|x86.Build.0 = Debug|Any CPU
		{669ADB0B-FB30-45A7-9F44-C2CD3764C57D}.Release|Any CPU.ActiveCfg = Release|Any CPU
		{669ADB0B-FB30-45A7-9F44-C2CD3764C57D}.Release|Any CPU.Build.0 = Release|Any CPU
		{669ADB0B-FB30-45A7-9F44-C2CD3764C57D}.Release|x64.ActiveCfg = Release|Any CPU
		{669ADB0B-FB30-45A7-9F44-C2CD3764C57D}.Release|x64.Build.0 = Release|Any CPU
		{669ADB0B-FB30-45A7-9F44-C2CD3764C57D}.Release|x86.ActiveCfg = Release|Any CPU
		{669ADB0B-FB30-45A7-9F44-C2CD3764C57D}.Release|x86.Build.0 = Release|Any CPU
		{97D26FD1-9E95-468B-B2B0-E88C67F6D175}.Debug|Any CPU.ActiveCfg = Debug|Any CPU
		{97D26FD1-9E95-468B-B2B0-E88C67F6D175}.Debug|Any CPU.Build.0 = Debug|Any CPU
		{97D26FD1-9E95-468B-B2B0-E88C67F6D175}.Debug|x64.ActiveCfg = Debug|Any CPU
		{97D26FD1-9E95-468B-B2B0-E88C67F6D175}.Debug|x64.Build.0 = Debug|Any CPU
		{97D26FD1-9E95-468B-B2B0-E88C67F6D175}.Debug|x86.ActiveCfg = Debug|Any CPU
		{97D26FD1-9E95-468B-B2B0-E88C67F6D175}.Debug|x86.Build.0 = Debug|Any CPU
		{97D26FD1-9E95-468B-B2B0-E88C67F6D175}.Release|Any CPU.ActiveCfg = Release|Any CPU
		{97D26FD1-9E95-468B-B2B0-E88C67F6D175}.Release|Any CPU.Build.0 = Release|Any CPU
		{97D26FD1-9E95-468B-B2B0-E88C67F6D175}.Release|x64.ActiveCfg = Release|Any CPU
		{97D26FD1-9E95-468B-B2B0-E88C67F6D175}.Release|x64.Build.0 = Release|Any CPU
		{97D26FD1-9E95-468B-B2B0-E88C67F6D175}.Release|x86.ActiveCfg = Release|Any CPU
		{97D26FD1-9E95-468B-B2B0-E88C67F6D175}.Release|x86.Build.0 = Release|Any CPU
		{27190182-52DC-4E51-AD46-DDDE076472F0}.Debug|Any CPU.ActiveCfg = Debug|Any CPU
		{27190182-52DC-4E51-AD46-DDDE076472F0}.Debug|Any CPU.Build.0 = Debug|Any CPU
		{27190182-52DC-4E51-AD46-DDDE076472F0}.Debug|x64.ActiveCfg = Debug|Any CPU
		{27190182-52DC-4E51-AD46-DDDE076472F0}.Debug|x64.Build.0 = Debug|Any CPU
		{27190182-52DC-4E51-AD46-DDDE076472F0}.Debug|x86.ActiveCfg = Debug|Any CPU
		{27190182-52DC-4E51-AD46-DDDE076472F0}.Debug|x86.Build.0 = Debug|Any CPU
		{27190182-52DC-4E51-AD46-DDDE076472F0}.Release|Any CPU.ActiveCfg = Release|Any CPU
		{27190182-52DC-4E51-AD46-DDDE076472F0}.Release|Any CPU.Build.0 = Release|Any CPU
		{27190182-52DC-4E51-AD46-DDDE076472F0}.Release|x64.ActiveCfg = Release|Any CPU
		{27190182-52DC-4E51-AD46-DDDE076472F0}.Release|x64.Build.0 = Release|Any CPU
		{27190182-52DC-4E51-AD46-DDDE076472F0}.Release|x86.ActiveCfg = Release|Any CPU
		{27190182-52DC-4E51-AD46-DDDE076472F0}.Release|x86.Build.0 = Release|Any CPU
		{313D39BA-63EF-465B-9A6A-91620D78CA9E}.Debug|Any CPU.ActiveCfg = Debug|Any CPU
		{313D39BA-63EF-465B-9A6A-91620D78CA9E}.Debug|Any CPU.Build.0 = Debug|Any CPU
		{313D39BA-63EF-465B-9A6A-91620D78CA9E}.Debug|x64.ActiveCfg = Debug|Any CPU
		{313D39BA-63EF-465B-9A6A-91620D78CA9E}.Debug|x64.Build.0 = Debug|Any CPU
		{313D39BA-63EF-465B-9A6A-91620D78CA9E}.Debug|x86.ActiveCfg = Debug|Any CPU
		{313D39BA-63EF-465B-9A6A-91620D78CA9E}.Debug|x86.Build.0 = Debug|Any CPU
		{313D39BA-63EF-465B-9A6A-91620D78CA9E}.Release|Any CPU.ActiveCfg = Release|Any CPU
		{313D39BA-63EF-465B-9A6A-91620D78CA9E}.Release|Any CPU.Build.0 = Release|Any CPU
		{313D39BA-63EF-465B-9A6A-91620D78CA9E}.Release|x64.ActiveCfg = Release|Any CPU
		{313D39BA-63EF-465B-9A6A-91620D78CA9E}.Release|x64.Build.0 = Release|Any CPU
		{313D39BA-63EF-465B-9A6A-91620D78CA9E}.Release|x86.ActiveCfg = Release|Any CPU
		{313D39BA-63EF-465B-9A6A-91620D78CA9E}.Release|x86.Build.0 = Release|Any CPU
		{93B47EDB-C5C5-4CC0-8DEA-F0CAFB0EB6A0}.Debug|Any CPU.ActiveCfg = Debug|Any CPU
		{93B47EDB-C5C5-4CC0-8DEA-F0CAFB0EB6A0}.Debug|Any CPU.Build.0 = Debug|Any CPU
		{93B47EDB-C5C5-4CC0-8DEA-F0CAFB0EB6A0}.Debug|x64.ActiveCfg = Debug|Any CPU
		{93B47EDB-C5C5-4CC0-8DEA-F0CAFB0EB6A0}.Debug|x64.Build.0 = Debug|Any CPU
		{93B47EDB-C5C5-4CC0-8DEA-F0CAFB0EB6A0}.Debug|x86.ActiveCfg = Debug|Any CPU
		{93B47EDB-C5C5-4CC0-8DEA-F0CAFB0EB6A0}.Debug|x86.Build.0 = Debug|Any CPU
		{93B47EDB-C5C5-4CC0-8DEA-F0CAFB0EB6A0}.Release|Any CPU.ActiveCfg = Release|Any CPU
		{93B47EDB-C5C5-4CC0-8DEA-F0CAFB0EB6A0}.Release|Any CPU.Build.0 = Release|Any CPU
		{93B47EDB-C5C5-4CC0-8DEA-F0CAFB0EB6A0}.Release|x64.ActiveCfg = Release|Any CPU
		{93B47EDB-C5C5-4CC0-8DEA-F0CAFB0EB6A0}.Release|x64.Build.0 = Release|Any CPU
		{93B47EDB-C5C5-4CC0-8DEA-F0CAFB0EB6A0}.Release|x86.ActiveCfg = Release|Any CPU
		{93B47EDB-C5C5-4CC0-8DEA-F0CAFB0EB6A0}.Release|x86.Build.0 = Release|Any CPU
		{3FD3D496-19F0-4005-8A37-6F9000B75782}.Debug|Any CPU.ActiveCfg = Debug|Any CPU
		{3FD3D496-19F0-4005-8A37-6F9000B75782}.Debug|Any CPU.Build.0 = Debug|Any CPU
		{3FD3D496-19F0-4005-8A37-6F9000B75782}.Debug|x64.ActiveCfg = Debug|Any CPU
		{3FD3D496-19F0-4005-8A37-6F9000B75782}.Debug|x64.Build.0 = Debug|Any CPU
		{3FD3D496-19F0-4005-8A37-6F9000B75782}.Debug|x86.ActiveCfg = Debug|Any CPU
		{3FD3D496-19F0-4005-8A37-6F9000B75782}.Debug|x86.Build.0 = Debug|Any CPU
		{3FD3D496-19F0-4005-8A37-6F9000B75782}.Release|Any CPU.ActiveCfg = Release|Any CPU
		{3FD3D496-19F0-4005-8A37-6F9000B75782}.Release|Any CPU.Build.0 = Release|Any CPU
		{3FD3D496-19F0-4005-8A37-6F9000B75782}.Release|x64.ActiveCfg = Release|Any CPU
		{3FD3D496-19F0-4005-8A37-6F9000B75782}.Release|x64.Build.0 = Release|Any CPU
		{3FD3D496-19F0-4005-8A37-6F9000B75782}.Release|x86.ActiveCfg = Release|Any CPU
		{3FD3D496-19F0-4005-8A37-6F9000B75782}.Release|x86.Build.0 = Release|Any CPU
		{51EA1324-F27E-4964-8C9D-7DDF8F88983B}.Debug|Any CPU.ActiveCfg = Debug|Any CPU
		{51EA1324-F27E-4964-8C9D-7DDF8F88983B}.Debug|Any CPU.Build.0 = Debug|Any CPU
		{51EA1324-F27E-4964-8C9D-7DDF8F88983B}.Debug|x64.ActiveCfg = Debug|Any CPU
		{51EA1324-F27E-4964-8C9D-7DDF8F88983B}.Debug|x64.Build.0 = Debug|Any CPU
		{51EA1324-F27E-4964-8C9D-7DDF8F88983B}.Debug|x86.ActiveCfg = Debug|Any CPU
		{51EA1324-F27E-4964-8C9D-7DDF8F88983B}.Debug|x86.Build.0 = Debug|Any CPU
		{51EA1324-F27E-4964-8C9D-7DDF8F88983B}.Release|Any CPU.ActiveCfg = Release|Any CPU
		{51EA1324-F27E-4964-8C9D-7DDF8F88983B}.Release|Any CPU.Build.0 = Release|Any CPU
		{51EA1324-F27E-4964-8C9D-7DDF8F88983B}.Release|x64.ActiveCfg = Release|Any CPU
		{51EA1324-F27E-4964-8C9D-7DDF8F88983B}.Release|x64.Build.0 = Release|Any CPU
		{51EA1324-F27E-4964-8C9D-7DDF8F88983B}.Release|x86.ActiveCfg = Release|Any CPU
		{51EA1324-F27E-4964-8C9D-7DDF8F88983B}.Release|x86.Build.0 = Release|Any CPU
		{58EBCCDC-62E9-4AAB-AAB2-39FBFB5C7198}.Debug|Any CPU.ActiveCfg = Debug|Any CPU
		{58EBCCDC-62E9-4AAB-AAB2-39FBFB5C7198}.Debug|Any CPU.Build.0 = Debug|Any CPU
		{58EBCCDC-62E9-4AAB-AAB2-39FBFB5C7198}.Debug|x64.ActiveCfg = Debug|Any CPU
		{58EBCCDC-62E9-4AAB-AAB2-39FBFB5C7198}.Debug|x64.Build.0 = Debug|Any CPU
		{58EBCCDC-62E9-4AAB-AAB2-39FBFB5C7198}.Debug|x86.ActiveCfg = Debug|Any CPU
		{58EBCCDC-62E9-4AAB-AAB2-39FBFB5C7198}.Debug|x86.Build.0 = Debug|Any CPU
		{58EBCCDC-62E9-4AAB-AAB2-39FBFB5C7198}.Release|Any CPU.ActiveCfg = Release|Any CPU
		{58EBCCDC-62E9-4AAB-AAB2-39FBFB5C7198}.Release|Any CPU.Build.0 = Release|Any CPU
		{58EBCCDC-62E9-4AAB-AAB2-39FBFB5C7198}.Release|x64.ActiveCfg = Release|Any CPU
		{58EBCCDC-62E9-4AAB-AAB2-39FBFB5C7198}.Release|x64.Build.0 = Release|Any CPU
		{58EBCCDC-62E9-4AAB-AAB2-39FBFB5C7198}.Release|x86.ActiveCfg = Release|Any CPU
		{58EBCCDC-62E9-4AAB-AAB2-39FBFB5C7198}.Release|x86.Build.0 = Release|Any CPU
	EndGlobalSection
	GlobalSection(NestedProjects) = preSolution
		{E45BA263-0C0E-4671-B89A-EA1F6B4A40BE} = {4CE05917-3BC3-4E97-A9DD-98F565B8440C}
		{CFFD01C3-88B2-4099-8C64-7AA14CD79678} = {6C480F0E-6902-471A-A1F4-5DB779F2C595}
		{50B82CC0-F9B8-4AE9-B906-1FC26731836C} = {6C480F0E-6902-471A-A1F4-5DB779F2C595}
		{6E77C2F9-FA08-46CB-9332-E086B6BA534C} = {6C480F0E-6902-471A-A1F4-5DB779F2C595}
		{427D179C-6E37-453A-A058-418DD91D8A4F} = {CD80E654-E664-47FE-A8E3-1BD05F2CAF32}
		{98A75ABA-AC44-4E12-A8D7-2541AFE39CF2} = {CD80E654-E664-47FE-A8E3-1BD05F2CAF32}
		{2F7DE20F-2486-4AAC-92CE-E4E9441415B8} = {7D924C00-E4F1-4F27-B2E9-1DBC293D3778}
		{B3398328-F618-48C5-B436-D831F7739404} = {7D924C00-E4F1-4F27-B2E9-1DBC293D3778}
		{A8059BFC-B05C-44C8-877D-14ACA1C22567} = {7D924C00-E4F1-4F27-B2E9-1DBC293D3778}
		{3745BD2C-F644-4CA4-894E-817225457231} = {7D924C00-E4F1-4F27-B2E9-1DBC293D3778}
		{0E7B11B4-113B-44F0-9745-E495CBF20A56} = {3745BD2C-F644-4CA4-894E-817225457231}
		{6E952E53-C9C6-41D2-9D4A-A9B3C892ABCB} = {3745BD2C-F644-4CA4-894E-817225457231}
		{C16006E9-AFB6-4E0A-94D0-A5B09F36336E} = {7D924C00-E4F1-4F27-B2E9-1DBC293D3778}
		{CEF34E65-5182-466B-8617-138F1E22D1ED} = {C16006E9-AFB6-4E0A-94D0-A5B09F36336E}
		{17ACF2F4-D57A-4395-82FC-1684906F2808} = {C16006E9-AFB6-4E0A-94D0-A5B09F36336E}
		{39477299-B4C1-45D8-92C5-18EC7FFC4847} = {B3BBBB74-8EC3-4A12-AE0D-FBE184EF989D}
		{669ADB0B-FB30-45A7-9F44-C2CD3764C57D} = {B3BBBB74-8EC3-4A12-AE0D-FBE184EF989D}
		{97D26FD1-9E95-468B-B2B0-E88C67F6D175} = {6A725742-FE67-4FDD-927C-641396762672}
		{27190182-52DC-4E51-AD46-DDDE076472F0} = {6A725742-FE67-4FDD-927C-641396762672}
		{313D39BA-63EF-465B-9A6A-91620D78CA9E} = {C82A6A7E-927B-4711-A4C7-14853EF819A3}
		{1E2C2BEF-0E76-4C26-874A-B76CA210699E} = {C82A6A7E-927B-4711-A4C7-14853EF819A3}
		{93B47EDB-C5C5-4CC0-8DEA-F0CAFB0EB6A0} = {1E2C2BEF-0E76-4C26-874A-B76CA210699E}
		{3FD3D496-19F0-4005-8A37-6F9000B75782} = {5F335EF1-FA92-412E-A7CA-B38AB490411F}
		{51EA1324-F27E-4964-8C9D-7DDF8F88983B} = {5F335EF1-FA92-412E-A7CA-B38AB490411F}
		{58EBCCDC-62E9-4AAB-AAB2-39FBFB5C7198} = {901808A3-399C-41E2-9852-E4435624FF28}
	EndGlobalSection
EndGlobal
